
Microsoft Visual Studio Solution File, Format Version 12.00
# Visual Studio 15
VisualStudioVersion = 15.0.26430.15
MinimumVisualStudioVersion = 10.0.40219.1
Project("{2150E333-8FDC-42A3-9474-1A3956D46DE8}") = "Tests", "Tests", "{A40FCC7F-32BE-4C8F-B48E-F63EB15F46C5}"
EndProject
Project("{9A19103F-16F7-4668-BE54-9A1E7A4F7556}") = "Fabric.Terminology.Client.UnitTests", "Fabric.Terminology.Client.UnitTests\Fabric.Terminology.Client.UnitTests.csproj", "{9C0ED317-AAD1-4245-AC4E-04E9C25DE876}"
EndProject
Project("{9A19103F-16F7-4668-BE54-9A1E7A4F7556}") = "Fabric.Terminology.Client.TestsBase", "Fabric.Terminology.Client.TestsBase\Fabric.Terminology.Client.TestsBase.csproj", "{EEDA9BD3-72EB-4FC5-AA36-CEC56ECF56CB}"
EndProject
Project("{9A19103F-16F7-4668-BE54-9A1E7A4F7556}") = "Fabric.Terminology.Client.IntegrationTests", "Fabric.Terminology.Client.IntegrationTests\Fabric.Terminology.Client.IntegrationTests.csproj", "{CFAB1445-49DF-4916-A11C-8B3D2716262F}"
EndProject
Project("{2150E333-8FDC-42A3-9474-1A3956D46DE8}") = "Build", "Build", "{1647527C-8413-4D68-91BE-27AD7553D63B}"
	ProjectSection(SolutionItems) = preProject
		Tools\Fabric.Terminology.Client.nuspec = Tools\Fabric.Terminology.Client.nuspec
		Tools\gulpfile.js = Tools\gulpfile.js
		Tools\nugetInstaller.ps1 = Tools\nugetInstaller.ps1
		Tools\package.json = Tools\package.json
		restore462packages.ps1 = restore462packages.ps1
	EndProjectSection
EndProject
Project("{FAE04EC0-301F-11D3-BF4B-00C04F79EFBC}") = "Fabric.Terminology.Client.462", "Fabric.Terminology.Client.462\Fabric.Terminology.Client.462.csproj", "{72A50502-8A69-4E50-8730-CF3E689933A7}"
EndProject
Project("{9A19103F-16F7-4668-BE54-9A1E7A4F7556}") = "Fabric.Terminology.Client", "Fabric.Terminology.Client\Fabric.Terminology.Client.csproj", "{150C53CC-1A0E-4A2B-AB7E-9943173EB7DE}"
EndProject
Global
	GlobalSection(SolutionConfigurationPlatforms) = preSolution
		Debug|Any CPU = Debug|Any CPU
		Release|Any CPU = Release|Any CPU
	EndGlobalSection
	GlobalSection(ProjectConfigurationPlatforms) = postSolution
		{9C0ED317-AAD1-4245-AC4E-04E9C25DE876}.Debug|Any CPU.ActiveCfg = Debug|Any CPU
		{9C0ED317-AAD1-4245-AC4E-04E9C25DE876}.Debug|Any CPU.Build.0 = Debug|Any CPU
		{9C0ED317-AAD1-4245-AC4E-04E9C25DE876}.Release|Any CPU.ActiveCfg = Release|Any CPU
		{9C0ED317-AAD1-4245-AC4E-04E9C25DE876}.Release|Any CPU.Build.0 = Release|Any CPU
		{EEDA9BD3-72EB-4FC5-AA36-CEC56ECF56CB}.Debug|Any CPU.ActiveCfg = Debug|Any CPU
		{EEDA9BD3-72EB-4FC5-AA36-CEC56ECF56CB}.Debug|Any CPU.Build.0 = Debug|Any CPU
		{EEDA9BD3-72EB-4FC5-AA36-CEC56ECF56CB}.Release|Any CPU.ActiveCfg = Release|Any CPU
		{EEDA9BD3-72EB-4FC5-AA36-CEC56ECF56CB}.Release|Any CPU.Build.0 = Release|Any CPU
		{CFAB1445-49DF-4916-A11C-8B3D2716262F}.Debug|Any CPU.ActiveCfg = Debug|Any CPU
		{CFAB1445-49DF-4916-A11C-8B3D2716262F}.Debug|Any CPU.Build.0 = Debug|Any CPU
		{CFAB1445-49DF-4916-A11C-8B3D2716262F}.Release|Any CPU.ActiveCfg = Release|Any CPU
		{CFAB1445-49DF-4916-A11C-8B3D2716262F}.Release|Any CPU.Build.0 = Release|Any CPU
		{72A50502-8A69-4E50-8730-CF3E689933A7}.Debug|Any CPU.ActiveCfg = Debug|Any CPU
		{72A50502-8A69-4E50-8730-CF3E689933A7}.Debug|Any CPU.Build.0 = Debug|Any CPU
		{72A50502-8A69-4E50-8730-CF3E689933A7}.Release|Any CPU.ActiveCfg = Release|Any CPU
		{72A50502-8A69-4E50-8730-CF3E689933A7}.Release|Any CPU.Build.0 = Release|Any CPU
		{150C53CC-1A0E-4A2B-AB7E-9943173EB7DE}.Debug|Any CPU.ActiveCfg = Debug|Any CPU
		{150C53CC-1A0E-4A2B-AB7E-9943173EB7DE}.Debug|Any CPU.Build.0 = Debug|Any CPU
		{150C53CC-1A0E-4A2B-AB7E-9943173EB7DE}.Release|Any CPU.ActiveCfg = Release|Any CPU
		{150C53CC-1A0E-4A2B-AB7E-9943173EB7DE}.Release|Any CPU.Build.0 = Release|Any CPU
	EndGlobalSection
	GlobalSection(SolutionProperties) = preSolution
		HideSolutionNode = FALSE
	EndGlobalSection
	GlobalSection(NestedProjects) = preSolution
		{9C0ED317-AAD1-4245-AC4E-04E9C25DE876} = {A40FCC7F-32BE-4C8F-B48E-F63EB15F46C5}
		{EEDA9BD3-72EB-4FC5-AA36-CEC56ECF56CB} = {A40FCC7F-32BE-4C8F-B48E-F63EB15F46C5}
		{CFAB1445-49DF-4916-A11C-8B3D2716262F} = {A40FCC7F-32BE-4C8F-B48E-F63EB15F46C5}
	EndGlobalSection
EndGlobal
